
Microsoft Visual Studio Solution File, Format Version 10.00
# Visual Studio 2008
Project("{8BC9CEB8-8B4A-11D0-8D11-00A0C91BC942}") = "poptmx", "msvs\poptmx\poptmx.vcproj", "{EC394090-60A9-40F5-A9CA-DC647667CC90}"
EndProject
Project("{2150E333-8FDC-42A3-9474-1A3956D46DE8}") = "CTAS", "CTAS", "{79F9AECE-3B79-46DB-BD75-BF7A1141BE82}"
EndProject
Project("{2150E333-8FDC-42A3-9474-1A3956D46DE8}") = "BIN", "BIN", "{0EAEA1A9-1E76-463A-A217-5363E0E32A7B}"
EndProject
Project("{2150E333-8FDC-42A3-9474-1A3956D46DE8}") = "LIB", "LIB", "{18698037-F5D1-44D3-A381-923F8B244B19}"
EndProject
Project("{8BC9CEB8-8B4A-11D0-8D11-00A0C91BC942}") = "common", "msvs\common\common.vcproj", "{B85AFF1A-0173-4FDF-A933-2648FADF00BF}"
	ProjectSection(ProjectDependencies) = postProject
		{EC394090-60A9-40F5-A9CA-DC647667CC90} = {EC394090-60A9-40F5-A9CA-DC647667CC90}
	EndProjectSection
EndProject
Project("{2150E333-8FDC-42A3-9474-1A3956D46DE8}") = "INC", "INC", "{870C6346-6F34-4B4E-9D1C-BB1AC49EE91C}"
EndProject
Project("{8BC9CEB8-8B4A-11D0-8D11-00A0C91BC942}") = "kernel", "msvs\kernel\kernel.vcproj", "{2409FD79-0293-4DDE-8B14-89733397D6BF}"
	ProjectSection(ProjectDependencies) = postProject
		{B85AFF1A-0173-4FDF-A933-2648FADF00BF} = {B85AFF1A-0173-4FDF-A933-2648FADF00BF}
		{EC394090-60A9-40F5-A9CA-DC647667CC90} = {EC394090-60A9-40F5-A9CA-DC647667CC90}
	EndProjectSection
EndProject
Project("{8BC9CEB8-8B4A-11D0-8D11-00A0C91BC942}") = "libdei", "msvs\libdei\libdei.vcproj", "{F6C7AD2A-8855-4EAD-B606-32B6ADADF36A}"
	ProjectSection(ProjectDependencies) = postProject
		{B85AFF1A-0173-4FDF-A933-2648FADF00BF} = {B85AFF1A-0173-4FDF-A933-2648FADF00BF}
		{EC394090-60A9-40F5-A9CA-DC647667CC90} = {EC394090-60A9-40F5-A9CA-DC647667CC90}
	EndProjectSection
EndProject
Project("{8BC9CEB8-8B4A-11D0-8D11-00A0C91BC942}") = "libedei", "msvs\libedei\libedei.vcproj", "{DDF0720C-0781-4FE6-823B-2EE2F8AB4254}"
	ProjectSection(ProjectDependencies) = postProject
		{B85AFF1A-0173-4FDF-A933-2648FADF00BF} = {B85AFF1A-0173-4FDF-A933-2648FADF00BF}
		{EC394090-60A9-40F5-A9CA-DC647667CC90} = {EC394090-60A9-40F5-A9CA-DC647667CC90}
	EndProjectSection
EndProject
Project("{8BC9CEB8-8B4A-11D0-8D11-00A0C91BC942}") = "libipc", "msvs\libipc\libipc.vcproj", "{4D9AF6EB-62E6-4356-BD2D-4C88ED39CD96}"
	ProjectSection(ProjectDependencies) = postProject
		{B85AFF1A-0173-4FDF-A933-2648FADF00BF} = {B85AFF1A-0173-4FDF-A933-2648FADF00BF}
		{EC394090-60A9-40F5-A9CA-DC647667CC90} = {EC394090-60A9-40F5-A9CA-DC647667CC90}
	EndProjectSection
EndProject
Project("{8BC9CEB8-8B4A-11D0-8D11-00A0C91BC942}") = "experiment", "msvs\experiment\experiment.vcproj", "{C098D637-C130-4B2B-8A9C-BBCFADD8F35A}"
	ProjectSection(ProjectDependencies) = postProject
		{B85AFF1A-0173-4FDF-A933-2648FADF00BF} = {B85AFF1A-0173-4FDF-A933-2648FADF00BF}
		{EC394090-60A9-40F5-A9CA-DC647667CC90} = {EC394090-60A9-40F5-A9CA-DC647667CC90}
	EndProjectSection
EndProject
Project("{8BC9CEB8-8B4A-11D0-8D11-00A0C91BC942}") = "ct", "msvs\ct\ct.vcproj", "{5953EA5C-522C-4F21-A75A-62DF0D32376D}"
	ProjectSection(ProjectDependencies) = postProject
		{B85AFF1A-0173-4FDF-A933-2648FADF00BF} = {B85AFF1A-0173-4FDF-A933-2648FADF00BF}
		{2409FD79-0293-4DDE-8B14-89733397D6BF} = {2409FD79-0293-4DDE-8B14-89733397D6BF}
		{EC394090-60A9-40F5-A9CA-DC647667CC90} = {EC394090-60A9-40F5-A9CA-DC647667CC90}
	EndProjectSection
EndProject
Project("{8BC9CEB8-8B4A-11D0-8D11-00A0C91BC942}") = "ct-line", "msvs\ct-line\ct-line.vcproj", "{81E1B180-28F6-4E66-A41A-EBFC134E69F6}"
	ProjectSection(ProjectDependencies) = postProject
		{B85AFF1A-0173-4FDF-A933-2648FADF00BF} = {B85AFF1A-0173-4FDF-A933-2648FADF00BF}
		{2409FD79-0293-4DDE-8B14-89733397D6BF} = {2409FD79-0293-4DDE-8B14-89733397D6BF}
		{EC394090-60A9-40F5-A9CA-DC647667CC90} = {EC394090-60A9-40F5-A9CA-DC647667CC90}
	EndProjectSection
EndProject
Project("{8BC9CEB8-8B4A-11D0-8D11-00A0C91BC942}") = "ff", "msvs\ff\ff.vcproj", "{512BE46D-A946-4C39-BA11-CF61835535CD}"
	ProjectSection(ProjectDependencies) = postProject
		{B85AFF1A-0173-4FDF-A933-2648FADF00BF} = {B85AFF1A-0173-4FDF-A933-2648FADF00BF}
		{EC394090-60A9-40F5-A9CA-DC647667CC90} = {EC394090-60A9-40F5-A9CA-DC647667CC90}
	EndProjectSection
EndProject
Project("{8BC9CEB8-8B4A-11D0-8D11-00A0C91BC942}") = "rc2fd", "msvs\rc2fd\rc2fd.vcproj", "{156953A9-70B9-4130-B11A-E8715169E432}"
	ProjectSection(ProjectDependencies) = postProject
		{DDF0720C-0781-4FE6-823B-2EE2F8AB4254} = {DDF0720C-0781-4FE6-823B-2EE2F8AB4254}
		{B85AFF1A-0173-4FDF-A933-2648FADF00BF} = {B85AFF1A-0173-4FDF-A933-2648FADF00BF}
		{EC394090-60A9-40F5-A9CA-DC647667CC90} = {EC394090-60A9-40F5-A9CA-DC647667CC90}
	EndProjectSection
EndProject
Project("{8BC9CEB8-8B4A-11D0-8D11-00A0C91BC942}") = "f2i", "msvs\f2i\f2i.vcproj", "{A3BF93AB-0393-453A-AFF1-BC65EC6B39BE}"
	ProjectSection(ProjectDependencies) = postProject
		{B85AFF1A-0173-4FDF-A933-2648FADF00BF} = {B85AFF1A-0173-4FDF-A933-2648FADF00BF}
		{EC394090-60A9-40F5-A9CA-DC647667CC90} = {EC394090-60A9-40F5-A9CA-DC647667CC90}
	EndProjectSection
EndProject
Project("{8BC9CEB8-8B4A-11D0-8D11-00A0C91BC942}") = "ts", "msvs\ts\ts.vcproj", "{509A08A9-29CC-4DE5-9D4C-29420253BF9C}"
	ProjectSection(ProjectDependencies) = postProject
		{B85AFF1A-0173-4FDF-A933-2648FADF00BF} = {B85AFF1A-0173-4FDF-A933-2648FADF00BF}
		{2409FD79-0293-4DDE-8B14-89733397D6BF} = {2409FD79-0293-4DDE-8B14-89733397D6BF}
		{EC394090-60A9-40F5-A9CA-DC647667CC90} = {EC394090-60A9-40F5-A9CA-DC647667CC90}
	EndProjectSection
EndProject
Project("{8BC9CEB8-8B4A-11D0-8D11-00A0C91BC942}") = "dei", "msvs\dei\dei.vcproj", "{94AC3394-B974-4C7B-8D42-E147773FB18B}"
	ProjectSection(ProjectDependencies) = postProject
		{B85AFF1A-0173-4FDF-A933-2648FADF00BF} = {B85AFF1A-0173-4FDF-A933-2648FADF00BF}
		{F6C7AD2A-8855-4EAD-B606-32B6ADADF36A} = {F6C7AD2A-8855-4EAD-B606-32B6ADADF36A}
		{EC394090-60A9-40F5-A9CA-DC647667CC90} = {EC394090-60A9-40F5-A9CA-DC647667CC90}
	EndProjectSection
EndProject
Project("{8BC9CEB8-8B4A-11D0-8D11-00A0C91BC942}") = "edei", "msvs\edei\edei.vcproj", "{35A953C8-756A-4F16-8511-B7EC19BDA2D1}"
	ProjectSection(ProjectDependencies) = postProject
		{DDF0720C-0781-4FE6-823B-2EE2F8AB4254} = {DDF0720C-0781-4FE6-823B-2EE2F8AB4254}
		{B85AFF1A-0173-4FDF-A933-2648FADF00BF} = {B85AFF1A-0173-4FDF-A933-2648FADF00BF}
		{EC394090-60A9-40F5-A9CA-DC647667CC90} = {EC394090-60A9-40F5-A9CA-DC647667CC90}
	EndProjectSection
EndProject
Project("{8BC9CEB8-8B4A-11D0-8D11-00A0C91BC942}") = "ipc", "msvs\ipc\ipc.vcproj", "{AC19E5A1-DE8D-456B-B344-878142E188B2}"
	ProjectSection(ProjectDependencies) = postProject
		{B85AFF1A-0173-4FDF-A933-2648FADF00BF} = {B85AFF1A-0173-4FDF-A933-2648FADF00BF}
		{EC394090-60A9-40F5-A9CA-DC647667CC90} = {EC394090-60A9-40F5-A9CA-DC647667CC90}
		{4D9AF6EB-62E6-4356-BD2D-4C88ED39CD96} = {4D9AF6EB-62E6-4356-BD2D-4C88ED39CD96}
	EndProjectSection
EndProject
Project("{8BC9CEB8-8B4A-11D0-8D11-00A0C91BC942}") = "sino", "msvs\sino\sino.vcproj", "{95F268C3-4C07-41E6-9A5A-72AF157DE3BC}"
	ProjectSection(ProjectDependencies) = postProject
		{B85AFF1A-0173-4FDF-A933-2648FADF00BF} = {B85AFF1A-0173-4FDF-A933-2648FADF00BF}
		{EC394090-60A9-40F5-A9CA-DC647667CC90} = {EC394090-60A9-40F5-A9CA-DC647667CC90}
	EndProjectSection
EndProject
Project("{8BC9CEB8-8B4A-11D0-8D11-00A0C91BC942}") = "sino-abs", "msvs\sino-abs\sino-abs.vcproj", "{95029C5C-301D-4AD4-8908-6A521E01984B}"
	ProjectSection(ProjectDependencies) = postProject
		{B85AFF1A-0173-4FDF-A933-2648FADF00BF} = {B85AFF1A-0173-4FDF-A933-2648FADF00BF}
		{C098D637-C130-4B2B-8A9C-BBCFADD8F35A} = {C098D637-C130-4B2B-8A9C-BBCFADD8F35A}
		{EC394090-60A9-40F5-A9CA-DC647667CC90} = {EC394090-60A9-40F5-A9CA-DC647667CC90}
	EndProjectSection
EndProject
Project("{8BC9CEB8-8B4A-11D0-8D11-00A0C91BC942}") = "sino-dei", "msvs\sino-dei\sino-dei.vcproj", "{B5ABD93F-C0B4-4E40-B578-F22201F75680}"
	ProjectSection(ProjectDependencies) = postProject
		{B85AFF1A-0173-4FDF-A933-2648FADF00BF} = {B85AFF1A-0173-4FDF-A933-2648FADF00BF}
		{F6C7AD2A-8855-4EAD-B606-32B6ADADF36A} = {F6C7AD2A-8855-4EAD-B606-32B6ADADF36A}
		{C098D637-C130-4B2B-8A9C-BBCFADD8F35A} = {C098D637-C130-4B2B-8A9C-BBCFADD8F35A}
		{EC394090-60A9-40F5-A9CA-DC647667CC90} = {EC394090-60A9-40F5-A9CA-DC647667CC90}
	EndProjectSection
EndProject
Project("{8BC9CEB8-8B4A-11D0-8D11-00A0C91BC942}") = "sino-edei", "msvs\sino-edei\sino-edei.vcproj", "{F902E35E-EB96-4BD7-9C34-75BC916838B9}"
	ProjectSection(ProjectDependencies) = postProject
		{DDF0720C-0781-4FE6-823B-2EE2F8AB4254} = {DDF0720C-0781-4FE6-823B-2EE2F8AB4254}
		{B85AFF1A-0173-4FDF-A933-2648FADF00BF} = {B85AFF1A-0173-4FDF-A933-2648FADF00BF}
		{C098D637-C130-4B2B-8A9C-BBCFADD8F35A} = {C098D637-C130-4B2B-8A9C-BBCFADD8F35A}
		{EC394090-60A9-40F5-A9CA-DC647667CC90} = {EC394090-60A9-40F5-A9CA-DC647667CC90}
	EndProjectSection
EndProject
Project("{8BC9CEB8-8B4A-11D0-8D11-00A0C91BC942}") = "sino-ipc", "msvs\sino-ipc\sino-ipc.vcproj", "{3333D33D-B204-441C-A9E1-A8C6FD7A9A54}"
	ProjectSection(ProjectDependencies) = postProject
		{B85AFF1A-0173-4FDF-A933-2648FADF00BF} = {B85AFF1A-0173-4FDF-A933-2648FADF00BF}
		{C098D637-C130-4B2B-8A9C-BBCFADD8F35A} = {C098D637-C130-4B2B-8A9C-BBCFADD8F35A}
		{EC394090-60A9-40F5-A9CA-DC647667CC90} = {EC394090-60A9-40F5-A9CA-DC647667CC90}
		{4D9AF6EB-62E6-4356-BD2D-4C88ED39CD96} = {4D9AF6EB-62E6-4356-BD2D-4C88ED39CD96}
	EndProjectSection
EndProject
Project("{8BC9CEB8-8B4A-11D0-8D11-00A0C91BC942}") = "ct-abs", "msvs\ct-abs\ct-abs.vcproj", "{9DB540A2-449C-4B21-B6E5-344616A97F7C}"
	ProjectSection(ProjectDependencies) = postProject
		{B85AFF1A-0173-4FDF-A933-2648FADF00BF} = {B85AFF1A-0173-4FDF-A933-2648FADF00BF}
		{C098D637-C130-4B2B-8A9C-BBCFADD8F35A} = {C098D637-C130-4B2B-8A9C-BBCFADD8F35A}
		{2409FD79-0293-4DDE-8B14-89733397D6BF} = {2409FD79-0293-4DDE-8B14-89733397D6BF}
		{EC394090-60A9-40F5-A9CA-DC647667CC90} = {EC394090-60A9-40F5-A9CA-DC647667CC90}
	EndProjectSection
EndProject
Project("{8BC9CEB8-8B4A-11D0-8D11-00A0C91BC942}") = "ct-dei", "msvs\ct-dei\ct-dei.vcproj", "{964F1952-92FD-4F1C-952E-46805F4F9DD8}"
	ProjectSection(ProjectDependencies) = postProject
		{B85AFF1A-0173-4FDF-A933-2648FADF00BF} = {B85AFF1A-0173-4FDF-A933-2648FADF00BF}
		{C098D637-C130-4B2B-8A9C-BBCFADD8F35A} = {C098D637-C130-4B2B-8A9C-BBCFADD8F35A}
		{2409FD79-0293-4DDE-8B14-89733397D6BF} = {2409FD79-0293-4DDE-8B14-89733397D6BF}
		{EC394090-60A9-40F5-A9CA-DC647667CC90} = {EC394090-60A9-40F5-A9CA-DC647667CC90}
		{94AC3394-B974-4C7B-8D42-E147773FB18B} = {94AC3394-B974-4C7B-8D42-E147773FB18B}
	EndProjectSection
EndProject
Project("{8BC9CEB8-8B4A-11D0-8D11-00A0C91BC942}") = "ct-edei", "msvs\ct-edei\ct-edei.vcproj", "{FA528AA5-2A6D-43F8-8AE0-EF4F8547B823}"
	ProjectSection(ProjectDependencies) = postProject
		{B85AFF1A-0173-4FDF-A933-2648FADF00BF} = {B85AFF1A-0173-4FDF-A933-2648FADF00BF}
		{C098D637-C130-4B2B-8A9C-BBCFADD8F35A} = {C098D637-C130-4B2B-8A9C-BBCFADD8F35A}
		{2409FD79-0293-4DDE-8B14-89733397D6BF} = {2409FD79-0293-4DDE-8B14-89733397D6BF}
		{EC394090-60A9-40F5-A9CA-DC647667CC90} = {EC394090-60A9-40F5-A9CA-DC647667CC90}
		{35A953C8-756A-4F16-8511-B7EC19BDA2D1} = {35A953C8-756A-4F16-8511-B7EC19BDA2D1}
	EndProjectSection
EndProject
Project("{8BC9CEB8-8B4A-11D0-8D11-00A0C91BC942}") = "ct-ipc", "msvs\ct-ipc\ct-ipc.vcproj", "{BFC21DB3-7489-495B-B135-4F79F3A15351}"
	ProjectSection(ProjectDependencies) = postProject
		{B85AFF1A-0173-4FDF-A933-2648FADF00BF} = {B85AFF1A-0173-4FDF-A933-2648FADF00BF}
		{C098D637-C130-4B2B-8A9C-BBCFADD8F35A} = {C098D637-C130-4B2B-8A9C-BBCFADD8F35A}
		{2409FD79-0293-4DDE-8B14-89733397D6BF} = {2409FD79-0293-4DDE-8B14-89733397D6BF}
		{EC394090-60A9-40F5-A9CA-DC647667CC90} = {EC394090-60A9-40F5-A9CA-DC647667CC90}
		{AC19E5A1-DE8D-456B-B344-878142E188B2} = {AC19E5A1-DE8D-456B-B344-878142E188B2}
	EndProjectSection
EndProject
Project("{2150E333-8FDC-42A3-9474-1A3956D46DE8}") = "DLL", "DLL", "{873E133F-7AFB-41D3-A0A4-156AD6EAD4FE}"
EndProject
Project("{2150E333-8FDC-42A3-9474-1A3956D46DE8}") = "Solution Items", "Solution Items", "{96AF07EA-B5BE-4AF3-B69A-98874ABCFBC6}"
	ProjectSection(SolutionItems) = preProject
		msvs\CTAS\ctas.bat = msvs\CTAS\ctas.bat
		msvs\ReadMe.txt = msvs\ReadMe.txt
	EndProjectSection
EndProject
Global
	GlobalSection(SolutionConfigurationPlatforms) = preSolution
		Debug|Win32 = Debug|Win32
		Release|Win32 = Release|Win32
	EndGlobalSection
	GlobalSection(ProjectConfigurationPlatforms) = postSolution
		{EC394090-60A9-40F5-A9CA-DC647667CC90}.Debug|Win32.ActiveCfg = Debug|Win32
		{EC394090-60A9-40F5-A9CA-DC647667CC90}.Debug|Win32.Build.0 = Debug|Win32
		{EC394090-60A9-40F5-A9CA-DC647667CC90}.Release|Win32.ActiveCfg = Release|Win32
		{EC394090-60A9-40F5-A9CA-DC647667CC90}.Release|Win32.Build.0 = Release|Win32
		{B85AFF1A-0173-4FDF-A933-2648FADF00BF}.Debug|Win32.ActiveCfg = Debug|Win32
		{B85AFF1A-0173-4FDF-A933-2648FADF00BF}.Debug|Win32.Build.0 = Debug|Win32
		{B85AFF1A-0173-4FDF-A933-2648FADF00BF}.Release|Win32.ActiveCfg = Release|Win32
		{B85AFF1A-0173-4FDF-A933-2648FADF00BF}.Release|Win32.Build.0 = Release|Win32
		{2409FD79-0293-4DDE-8B14-89733397D6BF}.Debug|Win32.ActiveCfg = Debug|Win32
		{2409FD79-0293-4DDE-8B14-89733397D6BF}.Debug|Win32.Build.0 = Debug|Win32
		{2409FD79-0293-4DDE-8B14-89733397D6BF}.Release|Win32.ActiveCfg = Release|Win32
		{2409FD79-0293-4DDE-8B14-89733397D6BF}.Release|Win32.Build.0 = Release|Win32
		{F6C7AD2A-8855-4EAD-B606-32B6ADADF36A}.Debug|Win32.ActiveCfg = Debug|Win32
		{F6C7AD2A-8855-4EAD-B606-32B6ADADF36A}.Debug|Win32.Build.0 = Debug|Win32
		{F6C7AD2A-8855-4EAD-B606-32B6ADADF36A}.Release|Win32.ActiveCfg = Release|Win32
		{F6C7AD2A-8855-4EAD-B606-32B6ADADF36A}.Release|Win32.Build.0 = Release|Win32
		{DDF0720C-0781-4FE6-823B-2EE2F8AB4254}.Debug|Win32.ActiveCfg = Debug|Win32
		{DDF0720C-0781-4FE6-823B-2EE2F8AB4254}.Debug|Win32.Build.0 = Debug|Win32
		{DDF0720C-0781-4FE6-823B-2EE2F8AB4254}.Release|Win32.ActiveCfg = Release|Win32
		{DDF0720C-0781-4FE6-823B-2EE2F8AB4254}.Release|Win32.Build.0 = Release|Win32
		{4D9AF6EB-62E6-4356-BD2D-4C88ED39CD96}.Debug|Win32.ActiveCfg = Debug|Win32
		{4D9AF6EB-62E6-4356-BD2D-4C88ED39CD96}.Debug|Win32.Build.0 = Debug|Win32
		{4D9AF6EB-62E6-4356-BD2D-4C88ED39CD96}.Release|Win32.ActiveCfg = Release|Win32
		{4D9AF6EB-62E6-4356-BD2D-4C88ED39CD96}.Release|Win32.Build.0 = Release|Win32
		{C098D637-C130-4B2B-8A9C-BBCFADD8F35A}.Debug|Win32.ActiveCfg = Debug|Win32
		{C098D637-C130-4B2B-8A9C-BBCFADD8F35A}.Debug|Win32.Build.0 = Debug|Win32
		{C098D637-C130-4B2B-8A9C-BBCFADD8F35A}.Release|Win32.ActiveCfg = Release|Win32
		{C098D637-C130-4B2B-8A9C-BBCFADD8F35A}.Release|Win32.Build.0 = Release|Win32
		{5953EA5C-522C-4F21-A75A-62DF0D32376D}.Debug|Win32.ActiveCfg = Debug|Win32
		{5953EA5C-522C-4F21-A75A-62DF0D32376D}.Debug|Win32.Build.0 = Debug|Win32
		{5953EA5C-522C-4F21-A75A-62DF0D32376D}.Release|Win32.ActiveCfg = Release|Win32
		{5953EA5C-522C-4F21-A75A-62DF0D32376D}.Release|Win32.Build.0 = Release|Win32
		{81E1B180-28F6-4E66-A41A-EBFC134E69F6}.Debug|Win32.ActiveCfg = Debug|Win32
		{81E1B180-28F6-4E66-A41A-EBFC134E69F6}.Debug|Win32.Build.0 = Debug|Win32
		{81E1B180-28F6-4E66-A41A-EBFC134E69F6}.Release|Win32.ActiveCfg = Release|Win32
		{81E1B180-28F6-4E66-A41A-EBFC134E69F6}.Release|Win32.Build.0 = Release|Win32
		{512BE46D-A946-4C39-BA11-CF61835535CD}.Debug|Win32.ActiveCfg = Debug|Win32
		{512BE46D-A946-4C39-BA11-CF61835535CD}.Debug|Win32.Build.0 = Debug|Win32
		{512BE46D-A946-4C39-BA11-CF61835535CD}.Release|Win32.ActiveCfg = Release|Win32
		{512BE46D-A946-4C39-BA11-CF61835535CD}.Release|Win32.Build.0 = Release|Win32
		{156953A9-70B9-4130-B11A-E8715169E432}.Debug|Win32.ActiveCfg = Debug|Win32
		{156953A9-70B9-4130-B11A-E8715169E432}.Debug|Win32.Build.0 = Debug|Win32
		{156953A9-70B9-4130-B11A-E8715169E432}.Release|Win32.ActiveCfg = Release|Win32
		{156953A9-70B9-4130-B11A-E8715169E432}.Release|Win32.Build.0 = Release|Win32
		{A3BF93AB-0393-453A-AFF1-BC65EC6B39BE}.Debug|Win32.ActiveCfg = Debug|Win32
		{A3BF93AB-0393-453A-AFF1-BC65EC6B39BE}.Debug|Win32.Build.0 = Debug|Win32
		{A3BF93AB-0393-453A-AFF1-BC65EC6B39BE}.Release|Win32.ActiveCfg = Release|Win32
		{A3BF93AB-0393-453A-AFF1-BC65EC6B39BE}.Release|Win32.Build.0 = Release|Win32
		{509A08A9-29CC-4DE5-9D4C-29420253BF9C}.Debug|Win32.ActiveCfg = Debug|Win32
		{509A08A9-29CC-4DE5-9D4C-29420253BF9C}.Debug|Win32.Build.0 = Debug|Win32
		{509A08A9-29CC-4DE5-9D4C-29420253BF9C}.Release|Win32.ActiveCfg = Release|Win32
		{509A08A9-29CC-4DE5-9D4C-29420253BF9C}.Release|Win32.Build.0 = Release|Win32
		{94AC3394-B974-4C7B-8D42-E147773FB18B}.Debug|Win32.ActiveCfg = Debug|Win32
		{94AC3394-B974-4C7B-8D42-E147773FB18B}.Debug|Win32.Build.0 = Debug|Win32
		{94AC3394-B974-4C7B-8D42-E147773FB18B}.Release|Win32.ActiveCfg = Release|Win32
		{94AC3394-B974-4C7B-8D42-E147773FB18B}.Release|Win32.Build.0 = Release|Win32
		{35A953C8-756A-4F16-8511-B7EC19BDA2D1}.Debug|Win32.ActiveCfg = Debug|Win32
		{35A953C8-756A-4F16-8511-B7EC19BDA2D1}.Debug|Win32.Build.0 = Debug|Win32
		{35A953C8-756A-4F16-8511-B7EC19BDA2D1}.Release|Win32.ActiveCfg = Release|Win32
		{35A953C8-756A-4F16-8511-B7EC19BDA2D1}.Release|Win32.Build.0 = Release|Win32
		{AC19E5A1-DE8D-456B-B344-878142E188B2}.Debug|Win32.ActiveCfg = Debug|Win32
		{AC19E5A1-DE8D-456B-B344-878142E188B2}.Debug|Win32.Build.0 = Debug|Win32
		{AC19E5A1-DE8D-456B-B344-878142E188B2}.Release|Win32.ActiveCfg = Release|Win32
		{AC19E5A1-DE8D-456B-B344-878142E188B2}.Release|Win32.Build.0 = Release|Win32
		{95F268C3-4C07-41E6-9A5A-72AF157DE3BC}.Debug|Win32.ActiveCfg = Debug|Win32
		{95F268C3-4C07-41E6-9A5A-72AF157DE3BC}.Debug|Win32.Build.0 = Debug|Win32
		{95F268C3-4C07-41E6-9A5A-72AF157DE3BC}.Release|Win32.ActiveCfg = Release|Win32
		{95F268C3-4C07-41E6-9A5A-72AF157DE3BC}.Release|Win32.Build.0 = Release|Win32
		{95029C5C-301D-4AD4-8908-6A521E01984B}.Debug|Win32.ActiveCfg = Debug|Win32
		{95029C5C-301D-4AD4-8908-6A521E01984B}.Debug|Win32.Build.0 = Debug|Win32
		{95029C5C-301D-4AD4-8908-6A521E01984B}.Release|Win32.ActiveCfg = Release|Win32
		{95029C5C-301D-4AD4-8908-6A521E01984B}.Release|Win32.Build.0 = Release|Win32
		{B5ABD93F-C0B4-4E40-B578-F22201F75680}.Debug|Win32.ActiveCfg = Debug|Win32
		{B5ABD93F-C0B4-4E40-B578-F22201F75680}.Debug|Win32.Build.0 = Debug|Win32
		{B5ABD93F-C0B4-4E40-B578-F22201F75680}.Release|Win32.ActiveCfg = Release|Win32
		{B5ABD93F-C0B4-4E40-B578-F22201F75680}.Release|Win32.Build.0 = Release|Win32
		{F902E35E-EB96-4BD7-9C34-75BC916838B9}.Debug|Win32.ActiveCfg = Debug|Win32
		{F902E35E-EB96-4BD7-9C34-75BC916838B9}.Debug|Win32.Build.0 = Debug|Win32
		{F902E35E-EB96-4BD7-9C34-75BC916838B9}.Release|Win32.ActiveCfg = Release|Win32
		{F902E35E-EB96-4BD7-9C34-75BC916838B9}.Release|Win32.Build.0 = Release|Win32
		{3333D33D-B204-441C-A9E1-A8C6FD7A9A54}.Debug|Win32.ActiveCfg = Debug|Win32
		{3333D33D-B204-441C-A9E1-A8C6FD7A9A54}.Debug|Win32.Build.0 = Debug|Win32
		{3333D33D-B204-441C-A9E1-A8C6FD7A9A54}.Release|Win32.ActiveCfg = Release|Win32
		{3333D33D-B204-441C-A9E1-A8C6FD7A9A54}.Release|Win32.Build.0 = Release|Win32
		{9DB540A2-449C-4B21-B6E5-344616A97F7C}.Debug|Win32.ActiveCfg = Debug|Win32
		{9DB540A2-449C-4B21-B6E5-344616A97F7C}.Debug|Win32.Build.0 = Debug|Win32
		{9DB540A2-449C-4B21-B6E5-344616A97F7C}.Release|Win32.ActiveCfg = Release|Win32
		{9DB540A2-449C-4B21-B6E5-344616A97F7C}.Release|Win32.Build.0 = Release|Win32
		{964F1952-92FD-4F1C-952E-46805F4F9DD8}.Debug|Win32.ActiveCfg = Debug|Win32
		{964F1952-92FD-4F1C-952E-46805F4F9DD8}.Debug|Win32.Build.0 = Debug|Win32
		{964F1952-92FD-4F1C-952E-46805F4F9DD8}.Release|Win32.ActiveCfg = Release|Win32
		{964F1952-92FD-4F1C-952E-46805F4F9DD8}.Release|Win32.Build.0 = Release|Win32
		{FA528AA5-2A6D-43F8-8AE0-EF4F8547B823}.Debug|Win32.ActiveCfg = Debug|Win32
		{FA528AA5-2A6D-43F8-8AE0-EF4F8547B823}.Debug|Win32.Build.0 = Debug|Win32
		{FA528AA5-2A6D-43F8-8AE0-EF4F8547B823}.Release|Win32.ActiveCfg = Release|Win32
		{FA528AA5-2A6D-43F8-8AE0-EF4F8547B823}.Release|Win32.Build.0 = Release|Win32
		{BFC21DB3-7489-495B-B135-4F79F3A15351}.Debug|Win32.ActiveCfg = Debug|Win32
		{BFC21DB3-7489-495B-B135-4F79F3A15351}.Debug|Win32.Build.0 = Debug|Win32
		{BFC21DB3-7489-495B-B135-4F79F3A15351}.Release|Win32.ActiveCfg = Release|Win32
		{BFC21DB3-7489-495B-B135-4F79F3A15351}.Release|Win32.Build.0 = Release|Win32
	EndGlobalSection
	GlobalSection(SolutionProperties) = preSolution
		HideSolutionNode = FALSE
	EndGlobalSection
	GlobalSection(NestedProjects) = preSolution
		{0EAEA1A9-1E76-463A-A217-5363E0E32A7B} = {79F9AECE-3B79-46DB-BD75-BF7A1141BE82}
		{18698037-F5D1-44D3-A381-923F8B244B19} = {79F9AECE-3B79-46DB-BD75-BF7A1141BE82}
		{870C6346-6F34-4B4E-9D1C-BB1AC49EE91C} = {79F9AECE-3B79-46DB-BD75-BF7A1141BE82}
		{873E133F-7AFB-41D3-A0A4-156AD6EAD4FE} = {79F9AECE-3B79-46DB-BD75-BF7A1141BE82}
	EndGlobalSection
EndGlobal
